// !$*UTF8*$!
{
	archiveVersion = 1;
	classes = {
	};
	objectVersion = 46;
	objects = {

/* Begin PBXBuildFile section */
		097663F61AD35C5A0099DA54 /* os.log.allincludes.h in Headers */ = {isa = PBXBuildFile; fileRef = 097663EB1AD35C5A0099DA54 /* os.log.allincludes.h */; };
		097663F71AD35C5A0099DA54 /* os.log.format.h in Headers */ = {isa = PBXBuildFile; fileRef = 097663EC1AD35C5A0099DA54 /* os.log.format.h */; };
		097663F81AD35C5A0099DA54 /* os.log.h in Headers */ = {isa = PBXBuildFile; fileRef = 097663ED1AD35C5A0099DA54 /* os.log.h */; };
		097663F91AD35C5A0099DA54 /* os.log-Prefix.pch in Headers */ = {isa = PBXBuildFile; fileRef = 097663EF1AD35C5A0099DA54 /* os.log-Prefix.pch */; };
		097663FA1AD35C5A0099DA54 /* os.log.cpp in Sources */ = {isa = PBXBuildFile; fileRef = 097663F01AD35C5A0099DA54 /* os.log.cpp */; };
		097663FB1AD35C5A0099DA54 /* os.log.cpp in Sources */ = {isa = PBXBuildFile; fileRef = 097663F01AD35C5A0099DA54 /* os.log.cpp */; };
		097663FC1AD35C5A0099DA54 /* os.log.format.cpp in Sources */ = {isa = PBXBuildFile; fileRef = 097663F11AD35C5A0099DA54 /* os.log.format.cpp */; };
		097663FD1AD35C5A0099DA54 /* os.log.format.cpp in Sources */ = {isa = PBXBuildFile; fileRef = 097663F11AD35C5A0099DA54 /* os.log.format.cpp */; };
		097834981D4D52EF00E47ED3 /* shortids.h in Headers */ = {isa = PBXBuildFile; fileRef = 097834971D4D52EF00E47ED3 /* shortids.h */; };
		0978349A1D4D532F00E47ED3 /* shortids.cpp in Sources */ = {isa = PBXBuildFile; fileRef = 097834991D4D532F00E47ED3 /* shortids.cpp */; };
		0978349B1D4D532F00E47ED3 /* shortids.cpp in Sources */ = {isa = PBXBuildFile; fileRef = 097834991D4D532F00E47ED3 /* shortids.cpp */; };
		09BE53B51D3DB23F00FACF5C /* os.log.content.cpp in Sources */ = {isa = PBXBuildFile; fileRef = 09BE53B41D3DB23F00FACF5C /* os.log.content.cpp */; };
		09BE53B61D3DB23F00FACF5C /* os.log.content.cpp in Sources */ = {isa = PBXBuildFile; fileRef = 09BE53B41D3DB23F00FACF5C /* os.log.content.cpp */; };
		09BE53B81D3DB24900FACF5C /* os.log.content.h in Headers */ = {isa = PBXBuildFile; fileRef = 09BE53B71D3DB24900FACF5C /* os.log.content.h */; };
		09F01F691B83140D000DEA13 /* os.log.stack.cpp in Sources */ = {isa = PBXBuildFile; fileRef = 09F01F681B83140D000DEA13 /* os.log.stack.cpp */; };
		09F01F6A1B83140D000DEA13 /* os.log.stack.cpp in Sources */ = {isa = PBXBuildFile; fileRef = 09F01F681B83140D000DEA13 /* os.log.stack.cpp */; };
		09F01F6C1B831417000DEA13 /* os.log.stack.h in Headers */ = {isa = PBXBuildFile; fileRef = 09F01F6B1B831417000DEA13 /* os.log.stack.h */; };
/* End PBXBuildFile section */

/* Begin PBXCopyFilesBuildPhase section */
		09C559F119C800F200879A96 /* CopyFiles */ = {
			isa = PBXCopyFilesBuildPhase;
			buildActionMask = 2147483647;
			dstPath = "include/$(PRODUCT_NAME)";
			dstSubfolderSpec = 16;
			files = (
			);
			runOnlyForDeploymentPostprocessing = 0;
		};
/* End PBXCopyFilesBuildPhase section */

/* Begin PBXFileReference section */
		097663EB1AD35C5A0099DA54 /* os.log.allincludes.h */ = {isa = PBXFileReference; fileEncoding = 4; lastKnownFileType = sourcecode.c.h; path = os.log.allincludes.h; sourceTree = "<group>"; };
		097663EC1AD35C5A0099DA54 /* os.log.format.h */ = {isa = PBXFileReference; fileEncoding = 4; lastKnownFileType = sourcecode.c.h; path = os.log.format.h; sourceTree = "<group>"; };
		097663ED1AD35C5A0099DA54 /* os.log.h */ = {isa = PBXFileReference; fileEncoding = 4; lastKnownFileType = sourcecode.c.h; path = os.log.h; sourceTree = "<group>"; };
		097663EF1AD35C5A0099DA54 /* os.log-Prefix.pch */ = {isa = PBXFileReference; fileEncoding = 4; lastKnownFileType = sourcecode.c.h; path = "os.log-Prefix.pch"; sourceTree = "<group>"; };
		097663F01AD35C5A0099DA54 /* os.log.cpp */ = {isa = PBXFileReference; fileEncoding = 4; lastKnownFileType = sourcecode.cpp.cpp; path = os.log.cpp; sourceTree = "<group>"; };
		097663F11AD35C5A0099DA54 /* os.log.format.cpp */ = {isa = PBXFileReference; fileEncoding = 4; lastKnownFileType = sourcecode.cpp.cpp; path = os.log.format.cpp; sourceTree = "<group>"; };
		097834971D4D52EF00E47ED3 /* shortids.h */ = {isa = PBXFileReference; fileEncoding = 4; lastKnownFileType = sourcecode.c.h; path = shortids.h; sourceTree = "<group>"; };
		097834991D4D532F00E47ED3 /* shortids.cpp */ = {isa = PBXFileReference; fileEncoding = 4; lastKnownFileType = sourcecode.cpp.cpp; path = shortids.cpp; sourceTree = "<group>"; };
		09BE53B41D3DB23F00FACF5C /* os.log.content.cpp */ = {isa = PBXFileReference; fileEncoding = 4; lastKnownFileType = sourcecode.cpp.cpp; path = os.log.content.cpp; sourceTree = "<group>"; };
		09BE53B71D3DB24900FACF5C /* os.log.content.h */ = {isa = PBXFileReference; fileEncoding = 4; lastKnownFileType = sourcecode.c.h; path = os.log.content.h; sourceTree = "<group>"; };
		09C559E819C8008700879A96 /* libos.log.osx.a */ = {isa = PBXFileReference; explicitFileType = archive.ar; includeInIndex = 0; path = libos.log.osx.a; sourceTree = BUILT_PRODUCTS_DIR; };
		09C559F319C800F200879A96 /* libos.log.ios.a */ = {isa = PBXFileReference; explicitFileType = archive.ar; includeInIndex = 0; path = libos.log.ios.a; sourceTree = BUILT_PRODUCTS_DIR; };
		09C559F519C800F200879A96 /* Foundation.framework */ = {isa = PBXFileReference; lastKnownFileType = wrapper.framework; name = Foundation.framework; path = System/Library/Frameworks/Foundation.framework; sourceTree = SDKROOT; };
		09C55A0319C800F300879A96 /* XCTest.framework */ = {isa = PBXFileReference; lastKnownFileType = wrapper.framework; name = XCTest.framework; path = Library/Frameworks/XCTest.framework; sourceTree = DEVELOPER_DIR; };
		09C55A0619C800F300879A96 /* UIKit.framework */ = {isa = PBXFileReference; lastKnownFileType = wrapper.framework; name = UIKit.framework; path = Library/Frameworks/UIKit.framework; sourceTree = DEVELOPER_DIR; };
		09C84A581C271DB2002CF5B7 /* osx.debug.xcconfig */ = {isa = PBXFileReference; lastKnownFileType = text.xcconfig; path = osx.debug.xcconfig; sourceTree = "<group>"; };
		09C84A591C271DB2002CF5B7 /* ios.debug.xcconfig */ = {isa = PBXFileReference; lastKnownFileType = text.xcconfig; path = ios.debug.xcconfig; sourceTree = "<group>"; };
		09C84A5A1C271DB2002CF5B7 /* ios.release.xcconfig */ = {isa = PBXFileReference; lastKnownFileType = text.xcconfig; path = ios.release.xcconfig; sourceTree = "<group>"; };
		09C84A5B1C271DB2002CF5B7 /* ios.xcconfig */ = {isa = PBXFileReference; lastKnownFileType = text.xcconfig; path = ios.xcconfig; sourceTree = "<group>"; };
		09C84A5C1C271DB2002CF5B7 /* osx.release.xcconfig */ = {isa = PBXFileReference; lastKnownFileType = text.xcconfig; path = osx.release.xcconfig; sourceTree = "<group>"; };
		09C84A5D1C271DB2002CF5B7 /* osx.xcconfig */ = {isa = PBXFileReference; lastKnownFileType = text.xcconfig; path = osx.xcconfig; sourceTree = "<group>"; };
		09C84A5E1C271DB2002CF5B7 /* Project.Debug.xcconfig */ = {isa = PBXFileReference; lastKnownFileType = text.xcconfig; path = Project.Debug.xcconfig; sourceTree = "<group>"; };
		09C84A5F1C271DB2002CF5B7 /* Project.Release.xcconfig */ = {isa = PBXFileReference; lastKnownFileType = text.xcconfig; path = Project.Release.xcconfig; sourceTree = "<group>"; };
		09C84A601C271DB2002CF5B7 /* Project.Shared.xcconfig */ = {isa = PBXFileReference; lastKnownFileType = text.xcconfig; path = Project.Shared.xcconfig; sourceTree = "<group>"; };
		09F01F681B83140D000DEA13 /* os.log.stack.cpp */ = {isa = PBXFileReference; fileEncoding = 4; lastKnownFileType = sourcecode.cpp.cpp; path = os.log.stack.cpp; sourceTree = "<group>"; };
		09F01F6B1B831417000DEA13 /* os.log.stack.h */ = {isa = PBXFileReference; fileEncoding = 4; lastKnownFileType = sourcecode.c.h; path = os.log.stack.h; sourceTree = "<group>"; };
/* End PBXFileReference section */

/* Begin PBXFrameworksBuildPhase section */
		09C559E519C8008700879A96 /* Frameworks */ = {
			isa = PBXFrameworksBuildPhase;
			buildActionMask = 2147483647;
			files = (
			);
			runOnlyForDeploymentPostprocessing = 0;
		};
		09C559F019C800F200879A96 /* Frameworks */ = {
			isa = PBXFrameworksBuildPhase;
			buildActionMask = 2147483647;
			files = (
			);
			runOnlyForDeploymentPostprocessing = 0;
		};
/* End PBXFrameworksBuildPhase section */

/* Begin PBXGroup section */
		097663EA1AD35C5A0099DA54 /* include */ = {
			isa = PBXGroup;
			children = (
				097834971D4D52EF00E47ED3 /* shortids.h */,
				097663EB1AD35C5A0099DA54 /* os.log.allincludes.h */,
				09BE53B71D3DB24900FACF5C /* os.log.content.h */,
				097663EC1AD35C5A0099DA54 /* os.log.format.h */,
				097663ED1AD35C5A0099DA54 /* os.log.h */,
				09F01F6B1B831417000DEA13 /* os.log.stack.h */,
			);
			path = include;
			sourceTree = "<group>";
		};
		097663EE1AD35C5A0099DA54 /* source */ = {
			isa = PBXGroup;
			children = (
				097834991D4D532F00E47ED3 /* shortids.cpp */,
				097663EF1AD35C5A0099DA54 /* os.log-Prefix.pch */,
				09BE53B41D3DB23F00FACF5C /* os.log.content.cpp */,
				097663F01AD35C5A0099DA54 /* os.log.cpp */,
				097663F11AD35C5A0099DA54 /* os.log.format.cpp */,
				09F01F681B83140D000DEA13 /* os.log.stack.cpp */,
			);
			path = source;
			sourceTree = "<group>";
		};
		09C559DF19C8008600879A96 = {
			isa = PBXGroup;
			children = (
				09C84A571C271DB2002CF5B7 /* xcode.config */,
				097663EA1AD35C5A0099DA54 /* include */,
				097663EE1AD35C5A0099DA54 /* source */,
				09C559F419C800F200879A96 /* Frameworks */,
				09C559E919C8008700879A96 /* Products */,
			);
			sourceTree = "<group>";
		};
		09C559E919C8008700879A96 /* Products */ = {
			isa = PBXGroup;
			children = (
				09C559E819C8008700879A96 /* libos.log.osx.a */,
				09C559F319C800F200879A96 /* libos.log.ios.a */,
			);
			name = Products;
			sourceTree = "<group>";
		};
		09C559F419C800F200879A96 /* Frameworks */ = {
			isa = PBXGroup;
			children = (
				09C559F519C800F200879A96 /* Foundation.framework */,
				09C55A0319C800F300879A96 /* XCTest.framework */,
				09C55A0619C800F300879A96 /* UIKit.framework */,
			);
			name = Frameworks;
			sourceTree = "<group>";
		};
		09C84A571C271DB2002CF5B7 /* xcode.config */ = {
			isa = PBXGroup;
			children = (
				09C84A591C271DB2002CF5B7 /* ios.debug.xcconfig */,
				09C84A5A1C271DB2002CF5B7 /* ios.release.xcconfig */,
				09C84A5B1C271DB2002CF5B7 /* ios.xcconfig */,
				09C84A581C271DB2002CF5B7 /* osx.debug.xcconfig */,
				09C84A5C1C271DB2002CF5B7 /* osx.release.xcconfig */,
				09C84A5D1C271DB2002CF5B7 /* osx.xcconfig */,
				09C84A5E1C271DB2002CF5B7 /* Project.Debug.xcconfig */,
				09C84A5F1C271DB2002CF5B7 /* Project.Release.xcconfig */,
				09C84A601C271DB2002CF5B7 /* Project.Shared.xcconfig */,
			);
			path = xcode.config;
			sourceTree = "<group>";
		};
/* End PBXGroup section */

/* Begin PBXHeadersBuildPhase section */
		09C559E619C8008700879A96 /* Headers */ = {
			isa = PBXHeadersBuildPhase;
			buildActionMask = 2147483647;
			files = (
				097834981D4D52EF00E47ED3 /* shortids.h in Headers */,
				097663F71AD35C5A0099DA54 /* os.log.format.h in Headers */,
				09BE53B81D3DB24900FACF5C /* os.log.content.h in Headers */,
				097663F61AD35C5A0099DA54 /* os.log.allincludes.h in Headers */,
				097663F81AD35C5A0099DA54 /* os.log.h in Headers */,
				09F01F6C1B831417000DEA13 /* os.log.stack.h in Headers */,
				097663F91AD35C5A0099DA54 /* os.log-Prefix.pch in Headers */,
			);
			runOnlyForDeploymentPostprocessing = 0;
		};
/* End PBXHeadersBuildPhase section */

/* Begin PBXNativeTarget section */
		09C559E719C8008700879A96 /* os.log.osx */ = {
			isa = PBXNativeTarget;
			buildConfigurationList = 09C559EC19C8008700879A96 /* Build configuration list for PBXNativeTarget "os.log.osx" */;
			buildPhases = (
				09C559E419C8008700879A96 /* Sources */,
				09C559E519C8008700879A96 /* Frameworks */,
				09C559E619C8008700879A96 /* Headers */,
			);
			buildRules = (
			);
			dependencies = (
			);
			name = os.log.osx;
			productName = os.log;
			productReference = 09C559E819C8008700879A96 /* libos.log.osx.a */;
			productType = "com.apple.product-type.library.static";
		};
		09C559F219C800F200879A96 /* os.log.ios */ = {
			isa = PBXNativeTarget;
			buildConfigurationList = 09C55A1719C800F300879A96 /* Build configuration list for PBXNativeTarget "os.log.ios" */;
			buildPhases = (
				09C559EF19C800F200879A96 /* Sources */,
				09C559F019C800F200879A96 /* Frameworks */,
				09C559F119C800F200879A96 /* CopyFiles */,
			);
			buildRules = (
			);
			dependencies = (
			);
			name = os.log.ios;
			productName = os.log.ios;
			productReference = 09C559F319C800F200879A96 /* libos.log.ios.a */;
			productType = "com.apple.product-type.library.static";
		};
/* End PBXNativeTarget section */

/* Begin PBXProject section */
		09C559E019C8008600879A96 /* Project object */ = {
			isa = PBXProject;
			attributes = {
				LastUpgradeCheck = 0600;
				ORGANIZATIONNAME = Olivier;
			};
			buildConfigurationList = 09C559E319C8008600879A96 /* Build configuration list for PBXProject "os.log" */;
			compatibilityVersion = "Xcode 3.2";
			developmentRegion = English;
			hasScannedForEncodings = 0;
			knownRegions = (
				en,
			);
			mainGroup = 09C559DF19C8008600879A96;
			productRefGroup = 09C559E919C8008700879A96 /* Products */;
			projectDirPath = "";
			projectRoot = "";
			targets = (
				09C559E719C8008700879A96 /* os.log.osx */,
				09C559F219C800F200879A96 /* os.log.ios */,
			);
		};
/* End PBXProject section */

/* Begin PBXSourcesBuildPhase section */
		09C559E419C8008700879A96 /* Sources */ = {
			isa = PBXSourcesBuildPhase;
			buildActionMask = 2147483647;
			files = (
				09F01F691B83140D000DEA13 /* os.log.stack.cpp in Sources */,
				097663FA1AD35C5A0099DA54 /* os.log.cpp in Sources */,
				0978349A1D4D532F00E47ED3 /* shortids.cpp in Sources */,
				09BE53B51D3DB23F00FACF5C /* os.log.content.cpp in Sources */,
				097663FC1AD35C5A0099DA54 /* os.log.format.cpp in Sources */,
			);
			runOnlyForDeploymentPostprocessing = 0;
		};
		09C559EF19C800F200879A96 /* Sources */ = {
			isa = PBXSourcesBuildPhase;
			buildActionMask = 2147483647;
			files = (
				09F01F6A1B83140D000DEA13 /* os.log.stack.cpp in Sources */,
				097663FB1AD35C5A0099DA54 /* os.log.cpp in Sources */,
				0978349B1D4D532F00E47ED3 /* shortids.cpp in Sources */,
				09BE53B61D3DB23F00FACF5C /* os.log.content.cpp in Sources */,
				097663FD1AD35C5A0099DA54 /* os.log.format.cpp in Sources */,
			);
			runOnlyForDeploymentPostprocessing = 0;
		};
/* End PBXSourcesBuildPhase section */

/* Begin XCBuildConfiguration section */
		09C559EA19C8008700879A96 /* Debug */ = {
			isa = XCBuildConfiguration;
			baseConfigurationReference = 09C84A5E1C271DB2002CF5B7 /* Project.Debug.xcconfig */;
			buildSettings = {
			};
			name = Debug;
		};
		09C559EB19C8008700879A96 /* Release */ = {
			isa = XCBuildConfiguration;
			baseConfigurationReference = 09C84A5F1C271DB2002CF5B7 /* Project.Release.xcconfig */;
			buildSettings = {
			};
			name = Release;
		};
		09C559ED19C8008700879A96 /* Debug */ = {
			isa = XCBuildConfiguration;
			baseConfigurationReference = 09C84A581C271DB2002CF5B7 /* osx.debug.xcconfig */;
			buildSettings = {
			};
			name = Debug;
		};
		09C559EE19C8008700879A96 /* Release */ = {
			isa = XCBuildConfiguration;
			baseConfigurationReference = 09C84A5C1C271DB2002CF5B7 /* osx.release.xcconfig */;
			buildSettings = {
			};
			name = Release;
		};
		09C55A1319C800F300879A96 /* Debug */ = {
			isa = XCBuildConfiguration;
			baseConfigurationReference = 09C84A591C271DB2002CF5B7 /* ios.debug.xcconfig */;
			buildSettings = {
			};
			name = Debug;
		};
		09C55A1419C800F300879A96 /* Release */ = {
			isa = XCBuildConfiguration;
			baseConfigurationReference = 09C84A5A1C271DB2002CF5B7 /* ios.release.xcconfig */;
			buildSettings = {
			};
			name = Release;
		};
/* End XCBuildConfiguration section */

/* Begin XCConfigurationList section */
		09C559E319C8008600879A96 /* Build configuration list for PBXProject "os.log" */ = {
			isa = XCConfigurationList;
			buildConfigurations = (
				09C559EA19C8008700879A96 /* Debug */,
				09C559EB19C8008700879A96 /* Release */,
			);
			defaultConfigurationIsVisible = 0;
			defaultConfigurationName = Release;
		};
		09C559EC19C8008700879A96 /* Build configuration list for PBXNativeTarget "os.log.osx" */ = {
			isa = XCConfigurationList;
			buildConfigurations = (
				09C559ED19C8008700879A96 /* Debug */,
				09C559EE19C8008700879A96 /* Release */,
			);
			defaultConfigurationIsVisible = 0;
			defaultConfigurationName = Release;
		};
		09C55A1719C800F300879A96 /* Build configuration list for PBXNativeTarget "os.log.ios" */ = {
			isa = XCConfigurationList;
			buildConfigurations = (
				09C55A1319C800F300879A96 /* Debug */,
				09C55A1419C800F300879A96 /* Release */,
			);
			defaultConfigurationIsVisible = 0;
			defaultConfigurationName = Release;
		};
/* End XCConfigurationList section */
	};
	rootObject = 09C559E019C8008600879A96 /* Project object */;
}
